
Microsoft Visual Studio Solution File, Format Version 12.00
# Visual Studio Version 16
VisualStudioVersion = 16.0.29215.179
MinimumVisualStudioVersion = 10.0.40219.1
Project("{FAE04EC0-301F-11D3-BF4B-00C04F79EFBC}") = "Grafos", "Grafos.csproj", "{C2509CA6-0166-40ED-8338-03BE85E2461D}"
EndProject
Global
	GlobalSection(SolutionConfigurationPlatforms) = preSolution
		Debug|Any CPU = Debug|Any CPU
		Release|Any CPU = Release|Any CPU
	EndGlobalSection
	GlobalSection(ProjectConfigurationPlatforms) = postSolution
		{C2509CA6-0166-40ED-8338-03BE85E2461D}.Debug|Any CPU.ActiveCfg = Debug|Any CPU
		{C2509CA6-0166-40ED-8338-03BE85E2461D}.Debug|Any CPU.Build.0 = Debug|Any CPU
		{C2509CA6-0166-40ED-8338-03BE85E2461D}.Release|Any CPU.ActiveCfg = Release|Any CPU
		{C2509CA6-0166-40ED-8338-03BE85E2461D}.Release|Any CPU.Build.0 = Release|Any CPU
	EndGlobalSection
	GlobalSection(SolutionProperties) = preSolution
		HideSolutionNode = FALSE
	EndGlobalSection
	GlobalSection(ExtensibilityGlobals) = postSolution
		SolutionGuid = {169BCED5-F48E-4902-9323-7ED8E313CE12}
	EndGlobalSection
EndGlobal
